{
  "name": "model-testing",
  "version": "1.0.0",
  "lockfileVersion": 2,
  "requires": true,
  "packages": {
    "": {
      "name": "model-testing",
      "version": "1.0.0",
      "license": "ISC",
      "dependencies": {
        "runtypes": "^6.5.0"
      },
      "devDependencies": {
        "typescript": "^4.5.5"
      }
    },
    "node_modules/runtypes": {
      "version": "6.5.0",
      "resolved": "https://registry.npmjs.org/runtypes/-/runtypes-6.5.0.tgz",
      "integrity": "sha512-+jK1mRi6KvZ9m+LGxCYUY9CJMxCLz8LDRiGtBrq5UKvgOv2MocrXMc2D1dDkY7gRR8BzfG64yTsGdS2aC7arpQ=="
    },
    "node_modules/typescript": {
      "version": "4.5.5",
      "resolved": "https://registry.npmjs.org/typescript/-/typescript-4.5.5.tgz",
      "integrity": "sha512-TCTIul70LyWe6IJWT8QSYeA54WQe8EjQFU4wY52Fasj5UKx88LNYKCgBEHcOMOrFF1rKGbD8v/xcNWVUq9SymA==",
      "dev": true,
      "bin": {
        "tsc": "bin/tsc",
        "tsserver": "bin/tsserver"
      },
      "engines": {
        "node": ">=4.2.0"
      }
    }
  },
  "dependencies": {
    "runtypes": {
      "version": "6.5.0",
      "resolved": "https://registry.npmjs.org/runtypes/-/runtypes-6.5.0.tgz",
      "integrity": "sha512-+jK1mRi6KvZ9m+LGxCYUY9CJMxCLz8LDRiGtBrq5UKvgOv2MocrXMc2D1dDkY7gRR8BzfG64yTsGdS2aC7arpQ=="
    },
    "typescript": {
      "version": "4.5.5",
      "resolved": "https://registry.npmjs.org/typescript/-/typescript-4.5.5.tgz",
      "integrity": "sha512-TCTIul70LyWe6IJWT8QSYeA54WQe8EjQFU4wY52Fasj5UKx88LNYKCgBEHcOMOrFF1rKGbD8v/xcNWVUq9SymA==",
      "dev": true
    }
  }
}
